// !$*UTF8*$!
{
	archiveVersion = 1;
	classes = {
	};
	objectVersion = 46;
	objects = {

/* Begin PBXBuildFile section */
		4915DDA21A75B9C00055DE2C /* Images.xcassets in Resources */ = {isa = PBXBuildFile; fileRef = 4915DD991A75B9C00055DE2C /* Images.xcassets */; };
		4915DDA41A75B9C00055DE2C /* AppDelegate.swift in Sources */ = {isa = PBXBuildFile; fileRef = 4915DD9B1A75B9C00055DE2C /* AppDelegate.swift */; };
		4915DDA51A75B9C00055DE2C /* LaunchScreen.xib in Resources */ = {isa = PBXBuildFile; fileRef = 4915DD9D1A75B9C00055DE2C /* LaunchScreen.xib */; };
		4915DDA61A75B9C00055DE2C /* Main.storyboard in Resources */ = {isa = PBXBuildFile; fileRef = 4915DD9F1A75B9C00055DE2C /* Main.storyboard */; };
		4915DDA71A75B9C00055DE2C /* ViewController.swift in Sources */ = {isa = PBXBuildFile; fileRef = 4915DDA11A75B9C00055DE2C /* ViewController.swift */; };
		49BA94131A58CB4D00820DEC /* BandwagonTests.swift in Sources */ = {isa = PBXBuildFile; fileRef = 49BA94121A58CB4D00820DEC /* BandwagonTests.swift */; };
/* End PBXBuildFile section */

/* Begin PBXContainerItemProxy section */
		49BA940D1A58CB4D00820DEC /* PBXContainerItemProxy */ = {
			isa = PBXContainerItemProxy;
			containerPortal = 49BA93EF1A58CB4C00820DEC /* Project object */;
			proxyType = 1;
			remoteGlobalIDString = 49BA93F61A58CB4C00820DEC;
			remoteInfo = Bandwagon;
		};
/* End PBXContainerItemProxy section */

/* Begin PBXFileReference section */
		4915DD991A75B9C00055DE2C /* Images.xcassets */ = {isa = PBXFileReference; lastKnownFileType = folder.assetcatalog; path = Images.xcassets; sourceTree = "<group>"; };
		4915DD9A1A75B9C00055DE2C /* Info.plist */ = {isa = PBXFileReference; fileEncoding = 4; lastKnownFileType = text.plist.xml; path = Info.plist; sourceTree = "<group>"; };
		4915DD9B1A75B9C00055DE2C /* AppDelegate.swift */ = {isa = PBXFileReference; fileEncoding = 4; lastKnownFileType = sourcecode.swift; path = AppDelegate.swift; sourceTree = "<group>"; };
		4915DD9E1A75B9C00055DE2C /* Base */ = {isa = PBXFileReference; lastKnownFileType = file.xib; name = Base; path = LaunchScreen.xib; sourceTree = "<group>"; };
		4915DDA01A75B9C00055DE2C /* Base */ = {isa = PBXFileReference; lastKnownFileType = file.storyboard; name = Base; path = Main.storyboard; sourceTree = "<group>"; };
		4915DDA11A75B9C00055DE2C /* ViewController.swift */ = {isa = PBXFileReference; fileEncoding = 4; lastKnownFileType = sourcecode.swift; path = ViewController.swift; sourceTree = "<group>"; };
		49BA93F71A58CB4C00820DEC /* Bandwagon.app */ = {isa = PBXFileReference; explicitFileType = wrapper.application; includeInIndex = 0; path = Bandwagon.app; sourceTree = BUILT_PRODUCTS_DIR; };
		49BA940C1A58CB4D00820DEC /* BandwagonTests.xctest */ = {isa = PBXFileReference; explicitFileType = wrapper.cfbundle; includeInIndex = 0; path = BandwagonTests.xctest; sourceTree = BUILT_PRODUCTS_DIR; };
		49BA94111A58CB4D00820DEC /* Info.plist */ = {isa = PBXFileReference; lastKnownFileType = text.plist.xml; path = Info.plist; sourceTree = "<group>"; };
		49BA94121A58CB4D00820DEC /* BandwagonTests.swift */ = {isa = PBXFileReference; lastKnownFileType = sourcecode.swift; path = BandwagonTests.swift; sourceTree = "<group>"; };
/* End PBXFileReference section */

/* Begin PBXFrameworksBuildPhase section */
		49BA93F41A58CB4C00820DEC /* Frameworks */ = {
			isa = PBXFrameworksBuildPhase;
			buildActionMask = 2147483647;
			files = (
			);
			runOnlyForDeploymentPostprocessing = 0;
		};
		49BA94091A58CB4D00820DEC /* Frameworks */ = {
			isa = PBXFrameworksBuildPhase;
			buildActionMask = 2147483647;
			files = (
			);
			runOnlyForDeploymentPostprocessing = 0;
		};
/* End PBXFrameworksBuildPhase section */

/* Begin PBXGroup section */
		4915DD981A75B98B0055DE2C /* Bandwagon */ = {
			isa = PBXGroup;
			children = (
				4915DD991A75B9C00055DE2C /* Images.xcassets */,
				4915DDA91A75BAB80055DE2C /* Supporting Files */,
				4915DD9B1A75B9C00055DE2C /* AppDelegate.swift */,
				4915DD9C1A75B9C00055DE2C /* Base.lproj */,
				4915DDA11A75B9C00055DE2C /* ViewController.swift */,
			);
			path = Bandwagon;
			sourceTree = "<group>";
		};
		4915DD9C1A75B9C00055DE2C /* Base.lproj */ = {
			isa = PBXGroup;
			children = (
				4915DD9D1A75B9C00055DE2C /* LaunchScreen.xib */,
				4915DD9F1A75B9C00055DE2C /* Main.storyboard */,
			);
			path = Base.lproj;
			sourceTree = "<group>";
		};
		4915DDA91A75BAB80055DE2C /* Supporting Files */ = {
			isa = PBXGroup;
			children = (
				4915DD9A1A75B9C00055DE2C /* Info.plist */,
			);
			name = "Supporting Files";
			sourceTree = "<group>";
		};
		49BA93EE1A58CB4C00820DEC = {
			isa = PBXGroup;
			children = (
				4915DD981A75B98B0055DE2C /* Bandwagon */,
				49BA940F1A58CB4D00820DEC /* BandwagonTests */,
				49BA93F81A58CB4C00820DEC /* Products */,
			);
			sourceTree = "<group>";
		};
		49BA93F81A58CB4C00820DEC /* Products */ = {
			isa = PBXGroup;
			children = (
				49BA93F71A58CB4C00820DEC /* Bandwagon.app */,
				49BA940C1A58CB4D00820DEC /* BandwagonTests.xctest */,
			);
			name = Products;
			sourceTree = "<group>";
		};
		49BA940F1A58CB4D00820DEC /* BandwagonTests */ = {
			isa = PBXGroup;
			children = (
				49BA94121A58CB4D00820DEC /* BandwagonTests.swift */,
				49BA94101A58CB4D00820DEC /* Supporting Files */,
			);
			path = BandwagonTests;
			sourceTree = "<group>";
		};
		49BA94101A58CB4D00820DEC /* Supporting Files */ = {
			isa = PBXGroup;
			children = (
				49BA94111A58CB4D00820DEC /* Info.plist */,
			);
			name = "Supporting Files";
			sourceTree = "<group>";
		};
/* End PBXGroup section */

/* Begin PBXNativeTarget section */
		49BA93F61A58CB4C00820DEC /* Bandwagon */ = {
			isa = PBXNativeTarget;
			buildConfigurationList = 49BA94161A58CB4D00820DEC /* Build configuration list for PBXNativeTarget "Bandwagon" */;
			buildPhases = (
				49BA93F31A58CB4C00820DEC /* Sources */,
				49BA93F41A58CB4C00820DEC /* Frameworks */,
				49BA93F51A58CB4C00820DEC /* Resources */,
			);
			buildRules = (
			);
			dependencies = (
			);
			name = Bandwagon;
			productName = Bandwagon;
			productReference = 49BA93F71A58CB4C00820DEC /* Bandwagon.app */;
			productType = "com.apple.product-type.application";
		};
		49BA940B1A58CB4D00820DEC /* BandwagonTests */ = {
			isa = PBXNativeTarget;
			buildConfigurationList = 49BA94191A58CB4D00820DEC /* Build configuration list for PBXNativeTarget "BandwagonTests" */;
			buildPhases = (
				49BA94081A58CB4D00820DEC /* Sources */,
				49BA94091A58CB4D00820DEC /* Frameworks */,
				49BA940A1A58CB4D00820DEC /* Resources */,
			);
			buildRules = (
			);
			dependencies = (
				49BA940E1A58CB4D00820DEC /* PBXTargetDependency */,
			);
			name = BandwagonTests;
			productName = BandwagonTests;
			productReference = 49BA940C1A58CB4D00820DEC /* BandwagonTests.xctest */;
			productType = "com.apple.product-type.bundle.unit-test";
		};
/* End PBXNativeTarget section */

/* Begin PBXProject section */
		49BA93EF1A58CB4C00820DEC /* Project object */ = {
			isa = PBXProject;
			attributes = {
				LastSwiftMigration = 0710;
				LastSwiftUpdateCheck = 0720;
				LastUpgradeCheck = 0710;
				ORGANIZATIONNAME = "";
				TargetAttributes = {
					49BA93F61A58CB4C00820DEC = {
						CreatedOnToolsVersion = 6.1.1;
						DevelopmentTeam = WVG349TA67;
					};
					49BA940B1A58CB4D00820DEC = {
						CreatedOnToolsVersion = 6.1.1;
						TestTargetID = 49BA93F61A58CB4C00820DEC;
					};
				};
			};
			buildConfigurationList = 49BA93F21A58CB4C00820DEC /* Build configuration list for PBXProject "Bandwagon" */;
			compatibilityVersion = "Xcode 3.2";
			developmentRegion = English;
			hasScannedForEncodings = 0;
			knownRegions = (
				en,
				Base,
			);
			mainGroup = 49BA93EE1A58CB4C00820DEC;
			productRefGroup = 49BA93F81A58CB4C00820DEC /* Products */;
			projectDirPath = "";
			projectRoot = "";
			targets = (
				49BA93F61A58CB4C00820DEC /* Bandwagon */,
				49BA940B1A58CB4D00820DEC /* BandwagonTests */,
			);
		};
/* End PBXProject section */

/* Begin PBXResourcesBuildPhase section */
		49BA93F51A58CB4C00820DEC /* Resources */ = {
			isa = PBXResourcesBuildPhase;
			buildActionMask = 2147483647;
			files = (
				4915DDA51A75B9C00055DE2C /* LaunchScreen.xib in Resources */,
				4915DDA21A75B9C00055DE2C /* Images.xcassets in Resources */,
				4915DDA61A75B9C00055DE2C /* Main.storyboard in Resources */,
			);
			runOnlyForDeploymentPostprocessing = 0;
		};
		49BA940A1A58CB4D00820DEC /* Resources */ = {
			isa = PBXResourcesBuildPhase;
			buildActionMask = 2147483647;
			files = (
			);
			runOnlyForDeploymentPostprocessing = 0;
		};
/* End PBXResourcesBuildPhase section */

/* Begin PBXSourcesBuildPhase section */
		49BA93F31A58CB4C00820DEC /* Sources */ = {
			isa = PBXSourcesBuildPhase;
			buildActionMask = 2147483647;
			files = (
				4915DDA71A75B9C00055DE2C /* ViewController.swift in Sources */,
				4915DDA41A75B9C00055DE2C /* AppDelegate.swift in Sources */,
			);
			runOnlyForDeploymentPostprocessing = 0;
		};
		49BA94081A58CB4D00820DEC /* Sources */ = {
			isa = PBXSourcesBuildPhase;
			buildActionMask = 2147483647;
			files = (
				49BA94131A58CB4D00820DEC /* BandwagonTests.swift in Sources */,
			);
			runOnlyForDeploymentPostprocessing = 0;
		};
/* End PBXSourcesBuildPhase section */

/* Begin PBXTargetDependency section */
		49BA940E1A58CB4D00820DEC /* PBXTargetDependency */ = {
			isa = PBXTargetDependency;
			target = 49BA93F61A58CB4C00820DEC /* Bandwagon */;
			targetProxy = 49BA940D1A58CB4D00820DEC /* PBXContainerItemProxy */;
		};
/* End PBXTargetDependency section */

/* Begin PBXVariantGroup section */
		4915DD9D1A75B9C00055DE2C /* LaunchScreen.xib */ = {
			isa = PBXVariantGroup;
			children = (
				4915DD9E1A75B9C00055DE2C /* Base */,
			);
			name = LaunchScreen.xib;
			sourceTree = "<group>";
		};
		4915DD9F1A75B9C00055DE2C /* Main.storyboard */ = {
			isa = PBXVariantGroup;
			children = (
				4915DDA01A75B9C00055DE2C /* Base */,
			);
			name = Main.storyboard;
			sourceTree = "<group>";
		};
/* End PBXVariantGroup section */

/* Begin XCBuildConfiguration section */
		49BA94141A58CB4D00820DEC /* Debug */ = {
			isa = XCBuildConfiguration;
			buildSettings = {
				ALWAYS_SEARCH_USER_PATHS = NO;
				CLANG_CXX_LANGUAGE_STANDARD = "gnu++0x";
				CLANG_CXX_LIBRARY = "libc++";
				CLANG_ENABLE_MODULES = YES;
				CLANG_ENABLE_OBJC_ARC = YES;
				CLANG_WARN_BOOL_CONVERSION = YES;
				CLANG_WARN_CONSTANT_CONVERSION = YES;
				CLANG_WARN_DIRECT_OBJC_ISA_USAGE = YES_ERROR;
				CLANG_WARN_EMPTY_BODY = YES;
				CLANG_WARN_ENUM_CONVERSION = YES;
				CLANG_WARN_INT_CONVERSION = YES;
				CLANG_WARN_OBJC_ROOT_CLASS = YES_ERROR;
				CLANG_WARN_UNREACHABLE_CODE = YES;
				CLANG_WARN__DUPLICATE_METHOD_MATCH = YES;
				"CODE_SIGN_IDENTITY[sdk=iphoneos*]" = "iPhone Developer";
				COPY_PHASE_STRIP = NO;
				ENABLE_STRICT_OBJC_MSGSEND = YES;
				ENABLE_TESTABILITY = YES;
				GCC_C_LANGUAGE_STANDARD = gnu99;
				GCC_DYNAMIC_NO_PIC = NO;
				GCC_OPTIMIZATION_LEVEL = 0;
				GCC_PREPROCESSOR_DEFINITIONS = (
					"DEBUG=1",
					"$(inherited)",
				);
				GCC_SYMBOLS_PRIVATE_EXTERN = NO;
				GCC_WARN_64_TO_32_BIT_CONVERSION = YES;
				GCC_WARN_ABOUT_RETURN_TYPE = YES_ERROR;
				GCC_WARN_UNDECLARED_SELECTOR = YES;
				GCC_WARN_UNINITIALIZED_AUTOS = YES_AGGRESSIVE;
				GCC_WARN_UNUSED_FUNCTION = YES;
				GCC_WARN_UNUSED_VARIABLE = YES;
				IPHONEOS_DEPLOYMENT_TARGET = 8.1;
				MTL_ENABLE_DEBUG_INFO = YES;
				ONLY_ACTIVE_ARCH = YES;
				SDKROOT = iphoneos;
				SWIFT_OPTIMIZATION_LEVEL = "-Onone";
			};
			name = Debug;
		};
		49BA94151A58CB4D00820DEC /* Release */ = {
			isa = XCBuildConfiguration;
			buildSettings = {
				ALWAYS_SEARCH_USER_PATHS = NO;
				CLANG_CXX_LANGUAGE_STANDARD = "gnu++0x";
				CLANG_CXX_LIBRARY = "libc++";
				CLANG_ENABLE_MODULES = YES;
				CLANG_ENABLE_OBJC_ARC = YES;
				CLANG_WARN_BOOL_CONVERSION = YES;
				CLANG_WARN_CONSTANT_CONVERSION = YES;
				CLANG_WARN_DIRECT_OBJC_ISA_USAGE = YES_ERROR;
				CLANG_WARN_EMPTY_BODY = YES;
				CLANG_WARN_ENUM_CONVERSION = YES;
				CLANG_WARN_INT_CONVERSION = YES;
				CLANG_WARN_OBJC_ROOT_CLASS = YES_ERROR;
				CLANG_WARN_UNREACHABLE_CODE = YES;
				CLANG_WARN__DUPLICATE_METHOD_MATCH = YES;
				"CODE_SIGN_IDENTITY[sdk=iphoneos*]" = "iPhone Developer";
				COPY_PHASE_STRIP = YES;
				ENABLE_NS_ASSERTIONS = NO;
				ENABLE_STRICT_OBJC_MSGSEND = YES;
				GCC_C_LANGUAGE_STANDARD = gnu99;
				GCC_WARN_64_TO_32_BIT_CONVERSION = YES;
				GCC_WARN_ABOUT_RETURN_TYPE = YES_ERROR;
				GCC_WARN_UNDECLARED_SELECTOR = YES;
				GCC_WARN_UNINITIALIZED_AUTOS = YES_AGGRESSIVE;
				GCC_WARN_UNUSED_FUNCTION = YES;
				GCC_WARN_UNUSED_VARIABLE = YES;
				IPHONEOS_DEPLOYMENT_TARGET = 8.1;
				MTL_ENABLE_DEBUG_INFO = NO;
				SDKROOT = iphoneos;
				VALIDATE_PRODUCT = YES;
			};
			name = Release;
		};
		49BA94171A58CB4D00820DEC /* Debug */ = {
			isa = XCBuildConfiguration;
			buildSettings = {
				ASSETCATALOG_COMPILER_APPICON_NAME = AppIcon;
				CODE_SIGN_IDENTITY = "iPhone Developer";
				"CODE_SIGN_IDENTITY[sdk=iphoneos*]" = "iPhone Developer";
				INFOPLIST_FILE = Bandwagon/Info.plist;
				LD_RUNPATH_SEARCH_PATHS = "$(inherited) @executable_path/Frameworks";
				PRODUCT_BUNDLE_IDENTIFIER = "com.Fishbein.$(PRODUCT_NAME:rfc1034identifier)";
				PRODUCT_NAME = "$(TARGET_NAME)";
				PROVISIONING_PROFILE = "";
			};
			name = Debug;
		};
		49BA94181A58CB4D00820DEC /* Release */ = {
			isa = XCBuildConfiguration;
			buildSettings = {
				ASSETCATALOG_COMPILER_APPICON_NAME = AppIcon;
				CODE_SIGN_IDENTITY = "iPhone Developer";
				"CODE_SIGN_IDENTITY[sdk=iphoneos*]" = "iPhone Developer";
				INFOPLIST_FILE = Bandwagon/Info.plist;
				LD_RUNPATH_SEARCH_PATHS = "$(inherited) @executable_path/Frameworks";
				PRODUCT_BUNDLE_IDENTIFIER = "com.Fishbein.$(PRODUCT_NAME:rfc1034identifier)";
				PRODUCT_NAME = "$(TARGET_NAME)";
				PROVISIONING_PROFILE = "";
			};
			name = Release;
		};
		49BA941A1A58CB4D00820DEC /* Debug */ = {
			isa = XCBuildConfiguration;
			buildSettings = {
				BUNDLE_LOADER = "$(TEST_HOST)";
				FRAMEWORK_SEARCH_PATHS = (
					"$(SDKROOT)/Developer/Library/Frameworks",
					"$(inherited)",
				);
				GCC_PREPROCESSOR_DEFINITIONS = (
					"DEBUG=1",
					"$(inherited)",
				);
				INFOPLIST_FILE = BandwagonTests/Info.plist;
				LD_RUNPATH_SEARCH_PATHS = "$(inherited) @executable_path/Frameworks @loader_path/Frameworks";
				PRODUCT_BUNDLE_IDENTIFIER = "com.FishCorp.$(PRODUCT_NAME:rfc1034identifier)";
				PRODUCT_NAME = "$(TARGET_NAME)";
				TEST_HOST = "$(BUILT_PRODUCTS_DIR)/Bandwagon.app/Bandwagon";
			};
			name = Debug;
		};
		49BA941B1A58CB4D00820DEC /* Release */ = {
			isa = XCBuildConfiguration;
			buildSettings = {
				BUNDLE_LOADER = "$(TEST_HOST)";
				FRAMEWORK_SEARCH_PATHS = (
					"$(SDKROOT)/Developer/Library/Frameworks",
					"$(inherited)",
				);
				INFOPLIST_FILE = BandwagonTests/Info.plist;
				LD_RUNPATH_SEARCH_PATHS = "$(inherited) @executable_path/Frameworks @loader_path/Frameworks";
				PRODUCT_BUNDLE_IDENTIFIER = "com.FishCorp.$(PRODUCT_NAME:rfc1034identifier)";
				PRODUCT_NAME = "$(TARGET_NAME)";
				TEST_HOST = "$(BUILT_PRODUCTS_DIR)/Bandwagon.app/Bandwagon";
			};
			name = Release;
		};
/* End XCBuildConfiguration section */

/* Begin XCConfigurationList section */
		49BA93F21A58CB4C00820DEC /* Build configuration list for PBXProject "Bandwagon" */ = {
			isa = XCConfigurationList;
			buildConfigurations = (
				49BA94141A58CB4D00820DEC /* Debug */,
				49BA94151A58CB4D00820DEC /* Release */,
			);
			defaultConfigurationIsVisible = 0;
			defaultConfigurationName = Release;
		};
		49BA94161A58CB4D00820DEC /* Build configuration list for PBXNativeTarget "Bandwagon" */ = {
			isa = XCConfigurationList;
			buildConfigurations = (
				49BA94171A58CB4D00820DEC /* Debug */,
				49BA94181A58CB4D00820DEC /* Release */,
			);
			defaultConfigurationIsVisible = 0;
			defaultConfigurationName = Release;
		};
		49BA94191A58CB4D00820DEC /* Build configuration list for PBXNativeTarget "BandwagonTests" */ = {
			isa = XCConfigurationList;
			buildConfigurations = (
				49BA941A1A58CB4D00820DEC /* Debug */,
				49BA941B1A58CB4D00820DEC /* Release */,
			);
			defaultConfigurationIsVisible = 0;
			defaultConfigurationName = Release;
		};
/* End XCConfigurationList section */
	};
	rootObject = 49BA93EF1A58CB4C00820DEC /* Project object */;
}
